github.com/0xsequence/ethkit v1.22.1 h1:huh242zXZsSoWLXBT7qAEX2lUm73LGfWbLYG4wGGpQc=
github.com/0xsequence/ethkit v1.22.1/go.mod h1:wBcLTM7WpGCJnQyYUvUIRLbjurDrkSMHCKuOu/rylro=
github.com/0xsequence/go-sequence v0.24.2 h1:6uXpOKtwyqcy7F13D3R2Dq2VvqMed6Dv2pZchSwV9SQ=
github.com/0xsequence/go-sequence v0.24.2/go.mod h1:v8bPQP0Vez83hKeVG7VAY1MwhfxQa6oJ8TToCvqwR1k=
github.com/davecgh/go-spew v1.1.1 h1:vj9j/u1bqnvCEfJOwUhtlOARqs3+rkHYY13jYWTU97c=
github.com/pmezard/go-difflib v1.0.0 h1:4DBwDE0NGyQoBHbLQYPwSUPoCMWR5BEzIk/f1lZbAQM=
github.com/stretchr/testify v1.8.1 h1:w7B6lhMri9wdJUVmEZPGGhZzrYTPvgJArz7wNPgYKsk=
golang.org/x/crypto v0.14.0 h1:wBqGXzWJW6m1XrIKlAH0Hs1JJ7+9KBwnIO8v66Q9cHc=
golang.org/x/crypto v0.14.0/go.mod h1:MVFd36DqK4CsrnJYDkBA3VC4m2GkXAM0PvzMCn4JQf4=
golang.org/x/sys v0.13.0 h1:Af8nKPmuFypiUBjVoU9V20FiaFXOcuZI21p0ycVYYGE=
golang.org/x/sys v0.13.0/go.mod h1:oPkhp1MJrh7nUepCBck5+mAzfO9JrbApNNgaTdGDITg=
gopkg.in/yaml.v3 v3.0.1 h1:fxVm/GzAzEWqLHuvctI91KS9hhNmmWOoWu0XTYJS7CA=
